
Microsoft Visual Studio Solution File, Format Version 12.00
# Visual Studio Version 16
VisualStudioVersion = 16.0.31624.102
MinimumVisualStudioVersion = 10.0.40219.1
Project("{9A19103F-16F7-4668-BE54-9A1E7A4F7556}") = "тхпп4", "тхпп4\тхпп4.csproj", "{F766DC5D-EC6E-4E85-A1DA-A6C2375EBAEA}"
EndProject
Global
	GlobalSection(SolutionConfigurationPlatforms) = preSolution
		Debug|Any CPU = Debug|Any CPU
		Release|Any CPU = Release|Any CPU
	EndGlobalSection
	GlobalSection(ProjectConfigurationPlatforms) = postSolution
		{F766DC5D-EC6E-4E85-A1DA-A6C2375EBAEA}.Debug|Any CPU.ActiveCfg = Debug|Any CPU
		{F766DC5D-EC6E-4E85-A1DA-A6C2375EBAEA}.Debug|Any CPU.Build.0 = Debug|Any CPU
		{F766DC5D-EC6E-4E85-A1DA-A6C2375EBAEA}.Release|Any CPU.ActiveCfg = Release|Any CPU
		{F766DC5D-EC6E-4E85-A1DA-A6C2375EBAEA}.Release|Any CPU.Build.0 = Release|Any CPU
	EndGlobalSection
	GlobalSection(SolutionProperties) = preSolution
		HideSolutionNode = FALSE
	EndGlobalSection
	GlobalSection(ExtensibilityGlobals) = postSolution
		SolutionGuid = {65F47231-5036-4EA2-A92C-E61CC8AC8F3B}
	EndGlobalSection
EndGlobal
